<Solution>
  <Folder Name="/host/">
    <Project Path="host/MeiErp.Host/MeiErp.Host.csproj" />
  </Folder>
  <Folder Name="/modules/" />
  <Folder Name="/modules/Auto/">
    <Project Path="modules/Auto/MeiErp.Modules.Auto/MeiErp.Modules.Auto.csproj" />
  </Folder>
  <Folder Name="/modules/Finance/">
    <Project Path="modules/Finance/MeiErp.Modules.Finance/MeiErp.Modules.Finance.csproj" />
  </Folder>
  <Folder Name="/modules/GatePass/">
    <Project Path="modules/GatePass/MeiErp.Modules.GatePass/MeiErp.Modules.GatePass.csproj" />
  </Folder>
  <Folder Name="/modules/Hr/">
    <Project Path="modules/Hr/MeiErp.Modules.Hr/MeiErp.Modules.Hr.csproj" />
  </Folder>
  <Folder Name="/modules/Inventory/">
    <Project Path="modules/Inventory/MeiErp.Modules.Inventory/MeiErp.Modules.Inventory.csproj" />
  </Folder>
  <Folder Name="/modules/Repair/">
    <Project Path="modules/Repair/MeiErp.Modules.Repair/MeiErp.Modules.Repair.csproj" />
  </Folder>
  <Folder Name="/modules/Tender/">
    <Project Path="modules/Tender/MeiErp.Modules.Tender/MeiErp.Modules.Tender.csproj" />
  </Folder>
  <Folder Name="/platform/">
    <Project Path="platform/MeiErp.Platform.Identity/MeiErp.Platform.Identity.csproj" />
    <Project Path="platform/MeiErp.Platform.Kernel/MeiErp.Platform.Kernel.csproj" />
    <Project Path="platform/MeiErp.Platform.Notifications/MeiErp.Platform.Notifications.csproj" />
    <Project Path="platform/MeiErp.Platform.Persistence/MeiErp.Platform.Persistence.csproj" />
    <Project Path="platform/MeiErp.Platform.Printing/MeiErp.Platform.Printing.csproj" />
    <Project Path="platform/MeiErp.Platform.Reporting/MeiErp.Platform.Reporting.csproj" />
    <Project Path="platform/MeiErp.Platform.Workflow/MeiErp.Platform.Workflow.csproj" />
  </Folder>
  <Folder Name="/tests/">
    <Project Path="tests/MeiErp.Modules.Finance.Tests/MeiErp.Modules.Finance.Tests.csproj" />
    <Project Path="tests/MeiErp.Modules.GatePass.Tests/MeiErp.Modules.GatePass.Tests.csproj" />
    <Project Path="tests/MeiErp.Modules.Hr.Tests/MeiErp.Modules.Hr.Tests.csproj" />
    <Project Path="tests/MeiErp.Modules.Inventory.Tests/MeiErp.Modules.Inventory.Tests.csproj" />
    <Project Path="tests/MeiErp.Modules.Repair.Tests/MeiErp.Modules.Repair.Tests.csproj" />
    <Project Path="tests/MeiErp.Modules.Tender.Tests/MeiErp.Modules.Tender.Tests.csproj" />
    <Project Path="tests/MeiErp.Platform.Identity.Tests/MeiErp.Platform.Identity.Tests.csproj" />
    <Project Path="tests/MeiErp.Platform.Notifications.Tests/MeiErp.Platform.Notifications.Tests.csproj" />
    <Project Path="tests/MeiErp.Platform.Persistence.Tests/MeiErp.Platform.Persistence.Tests.csproj" />
    <Project Path="tests/MeiErp.Platform.Printing.Tests/MeiErp.Platform.Printing.Tests.csproj" />
    <Project Path="tests/MeiErp.Platform.Workflow.Tests/MeiErp.Platform.Workflow.Tests.csproj" />
  </Folder>
</Solution>
